
Microsoft Visual Studio Solution File, Format Version 12.00
# Visual Studio 15
VisualStudioVersion = 15.0.28010.2046
MinimumVisualStudioVersion = 10.0.40219.1
Project("{FAE04EC0-301F-11D3-BF4B-00C04F79EFBC}") = "WPFUI", "WPFUI\WPFUI.csproj", "{18CE99DB-C053-4369-B3FF-227244BBE510}"
EndProject
Project("{FAE04EC0-301F-11D3-BF4B-00C04F79EFBC}") = "Engine", "Engine\Engine.csproj", "{2B601546-FD3D-4F4A-B89F-6B6B1B3A07C8}"
EndProject
Project("{FAE04EC0-301F-11D3-BF4B-00C04F79EFBC}") = "TestEngine", "TestEngine\TestEngine.csproj", "{9CC6656F-4F73-4A07-A648-BEB47EF2B850}"
EndProject
Global
	GlobalSection(SolutionConfigurationPlatforms) = preSolution
		Debug|Any CPU = Debug|Any CPU
		Release|Any CPU = Release|Any CPU
	EndGlobalSection
	GlobalSection(ProjectConfigurationPlatforms) = postSolution
		{18CE99DB-C053-4369-B3FF-227244BBE510}.Debug|Any CPU.ActiveCfg = Debug|Any CPU
		{18CE99DB-C053-4369-B3FF-227244BBE510}.Debug|Any CPU.Build.0 = Debug|Any CPU
		{18CE99DB-C053-4369-B3FF-227244BBE510}.Release|Any CPU.ActiveCfg = Release|Any CPU
		{18CE99DB-C053-4369-B3FF-227244BBE510}.Release|Any CPU.Build.0 = Release|Any CPU
		{2B601546-FD3D-4F4A-B89F-6B6B1B3A07C8}.Debug|Any CPU.ActiveCfg = Debug|Any CPU
		{2B601546-FD3D-4F4A-B89F-6B6B1B3A07C8}.Debug|Any CPU.Build.0 = Debug|Any CPU
		{2B601546-FD3D-4F4A-B89F-6B6B1B3A07C8}.Release|Any CPU.ActiveCfg = Release|Any CPU
		{2B601546-FD3D-4F4A-B89F-6B6B1B3A07C8}.Release|Any CPU.Build.0 = Release|Any CPU
		{9CC6656F-4F73-4A07-A648-BEB47EF2B850}.Debug|Any CPU.ActiveCfg = Debug|Any CPU
		{9CC6656F-4F73-4A07-A648-BEB47EF2B850}.Debug|Any CPU.Build.0 = Debug|Any CPU
		{9CC6656F-4F73-4A07-A648-BEB47EF2B850}.Release|Any CPU.ActiveCfg = Release|Any CPU
		{9CC6656F-4F73-4A07-A648-BEB47EF2B850}.Release|Any CPU.Build.0 = Release|Any CPU
	EndGlobalSection
	GlobalSection(SolutionProperties) = preSolution
		HideSolutionNode = FALSE
	EndGlobalSection
	GlobalSection(ExtensibilityGlobals) = postSolution
		SolutionGuid = {BCA5A3C6-C501-4684-9F1E-C27DA60BA1CC}
	EndGlobalSection
EndGlobal
